{
  "name": "proof-of-sql-e2e-example",
  "version": "1.0.0",
  "lockfileVersion": 3,
  "requires": true,
  "packages": {
    "": {
      "name": "proof-of-sql-e2e-example",
      "version": "1.0.0",
      "license": "ISC",
      "dependencies": {
        "@stuartwhite/ts-proof-of-sql-sdk": "/home/stuartwhite/sxt-proof-of-sql-sdk/ts-proof-of-sql-sdk"
      }
    },
    "node_modules/@stuartwhite/ts-proof-of-sql-sdk": {
      "version": "1.0.1",
      "resolved": "https://registry.npmjs.org/@stuartwhite/ts-proof-of-sql-sdk/-/ts-proof-of-sql-sdk-1.0.1.tgz",
      "integrity": "sha512-CJ5sEbK5c7IGCB5zfMMT/qZkCXPP6bHa6KJTOR+sxwqRmWIHwGqsK7JhT+tLged7tw5gBIMEB9UkPcJ1p+8iNA=="
    }
  }
}
